// !$*UTF8*$!
{
	archiveVersion = 1;
	classes = {
	};
	objectVersion = 50;
	objects = {

/* Begin PBXBuildFile section */
		6B049370258809D900BD59A6 /* AppDelegate.swift in Sources */ = {isa = PBXBuildFile; fileRef = 6B04936F258809D900BD59A6 /* AppDelegate.swift */; };
		6B049372258809D900BD59A6 /* SceneDelegate.swift in Sources */ = {isa = PBXBuildFile; fileRef = 6B049371258809D900BD59A6 /* SceneDelegate.swift */; };
		6B049377258809D900BD59A6 /* PresentViewController.storyboard in Resources */ = {isa = PBXBuildFile; fileRef = 6B049375258809D900BD59A6 /* PresentViewController.storyboard */; };
		6B049379258809DB00BD59A6 /* Assets.xcassets in Resources */ = {isa = PBXBuildFile; fileRef = 6B049378258809DB00BD59A6 /* Assets.xcassets */; };
		6B04937C258809DB00BD59A6 /* LaunchScreen.storyboard in Resources */ = {isa = PBXBuildFile; fileRef = 6B04937A258809DB00BD59A6 /* LaunchScreen.storyboard */; };
		6B38287C25880C67008ED176 /* PresentViewController.swift in Sources */ = {isa = PBXBuildFile; fileRef = 6B38287B25880C67008ED176 /* PresentViewController.swift */; };
		6B3828B625880D8B008ED176 /* Questions.swift in Sources */ = {isa = PBXBuildFile; fileRef = 6B3828B525880D8B008ED176 /* Questions.swift */; };
		6B3828BB25881188008ED176 /* UI.swift in Sources */ = {isa = PBXBuildFile; fileRef = 6B3828BA25881188008ED176 /* UI.swift */; };
		6B3828C125881690008ED176 /* Message.swift in Sources */ = {isa = PBXBuildFile; fileRef = 6B3828C025881690008ED176 /* Message.swift */; };
		6B3828C525881968008ED176 /* MessageConstants.swift in Sources */ = {isa = PBXBuildFile; fileRef = 6B3828C425881968008ED176 /* MessageConstants.swift */; };
		6B3828CB25881DDC008ED176 /* QuestionsViewController.storyboard in Resources */ = {isa = PBXBuildFile; fileRef = 6B3828CA25881DDC008ED176 /* QuestionsViewController.storyboard */; };
		6B3828CE25881DF4008ED176 /* QuestionsViewController.swift in Sources */ = {isa = PBXBuildFile; fileRef = 6B3828CD25881DF4008ED176 /* QuestionsViewController.swift */; };
		6B3828D12588215B008ED176 /* ViewManager.swift in Sources */ = {isa = PBXBuildFile; fileRef = 6B3828D02588215B008ED176 /* ViewManager.swift */; };
		6B3828D7258822C1008ED176 /* ResultsViewController.storyboard in Resources */ = {isa = PBXBuildFile; fileRef = 6B3828D6258822C1008ED176 /* ResultsViewController.storyboard */; };
		6B3828DA258822CB008ED176 /* ResultsViewController.swift in Sources */ = {isa = PBXBuildFile; fileRef = 6B3828D9258822CB008ED176 /* ResultsViewController.swift */; };
		6B40297E25882AAC0038A897 /* ResultsCell.xib in Resources */ = {isa = PBXBuildFile; fileRef = 6B40297D25882AAC0038A897 /* ResultsCell.xib */; };
		6B40298125882B3D0038A897 /* ResultsCell.swift in Sources */ = {isa = PBXBuildFile; fileRef = 6B40298025882B3D0038A897 /* ResultsCell.swift */; };
		6B40298425882D430038A897 /* ResultsDataSource.swift in Sources */ = {isa = PBXBuildFile; fileRef = 6B40298325882D430038A897 /* ResultsDataSource.swift */; };
		6B40298A258836050038A897 /* QuestionsDataSource.swift in Sources */ = {isa = PBXBuildFile; fileRef = 6B402989258836050038A897 /* QuestionsDataSource.swift */; };
		6B40298E258837230038A897 /* QuestionsCell.xib in Resources */ = {isa = PBXBuildFile; fileRef = 6B40298D258837230038A897 /* QuestionsCell.xib */; };
		6B402991258837400038A897 /* QuestionsCell.swift in Sources */ = {isa = PBXBuildFile; fileRef = 6B402990258837400038A897 /* QuestionsCell.swift */; };
		6B402994258837560038A897 /* AnswerCell.xib in Resources */ = {isa = PBXBuildFile; fileRef = 6B402993258837560038A897 /* AnswerCell.xib */; };
		6B402997258837690038A897 /* AnswerCell.swift in Sources */ = {isa = PBXBuildFile; fileRef = 6B402996258837690038A897 /* AnswerCell.swift */; };
/* End PBXBuildFile section */

/* Begin PBXFileReference section */
		6B04936C258809D900BD59A6 /* Millionaire.app */ = {isa = PBXFileReference; explicitFileType = wrapper.application; includeInIndex = 0; path = Millionaire.app; sourceTree = BUILT_PRODUCTS_DIR; };
		6B04936F258809D900BD59A6 /* AppDelegate.swift */ = {isa = PBXFileReference; lastKnownFileType = sourcecode.swift; path = AppDelegate.swift; sourceTree = "<group>"; };
		6B049371258809D900BD59A6 /* SceneDelegate.swift */ = {isa = PBXFileReference; lastKnownFileType = sourcecode.swift; path = SceneDelegate.swift; sourceTree = "<group>"; };
		6B049376258809D900BD59A6 /* Base */ = {isa = PBXFileReference; lastKnownFileType = file.storyboard; name = Base; path = Base.lproj/PresentViewController.storyboard; sourceTree = "<group>"; };
		6B049378258809DB00BD59A6 /* Assets.xcassets */ = {isa = PBXFileReference; lastKnownFileType = folder.assetcatalog; path = Assets.xcassets; sourceTree = "<group>"; };
		6B04937B258809DB00BD59A6 /* Base */ = {isa = PBXFileReference; lastKnownFileType = file.storyboard; name = Base; path = Base.lproj/LaunchScreen.storyboard; sourceTree = "<group>"; };
		6B04937D258809DB00BD59A6 /* Info.plist */ = {isa = PBXFileReference; lastKnownFileType = text.plist.xml; path = Info.plist; sourceTree = "<group>"; };
		6B38287B25880C67008ED176 /* PresentViewController.swift */ = {isa = PBXFileReference; lastKnownFileType = sourcecode.swift; path = PresentViewController.swift; sourceTree = "<group>"; };
		6B3828B525880D8B008ED176 /* Questions.swift */ = {isa = PBXFileReference; lastKnownFileType = sourcecode.swift; path = Questions.swift; sourceTree = "<group>"; };
		6B3828BA25881188008ED176 /* UI.swift */ = {isa = PBXFileReference; lastKnownFileType = sourcecode.swift; path = UI.swift; sourceTree = "<group>"; };
		6B3828C025881690008ED176 /* Message.swift */ = {isa = PBXFileReference; lastKnownFileType = sourcecode.swift; path = Message.swift; sourceTree = "<group>"; };
		6B3828C425881968008ED176 /* MessageConstants.swift */ = {isa = PBXFileReference; lastKnownFileType = sourcecode.swift; path = MessageConstants.swift; sourceTree = "<group>"; };
		6B3828CA25881DDC008ED176 /* QuestionsViewController.storyboard */ = {isa = PBXFileReference; lastKnownFileType = file.storyboard; path = QuestionsViewController.storyboard; sourceTree = "<group>"; };
		6B3828CD25881DF4008ED176 /* QuestionsViewController.swift */ = {isa = PBXFileReference; lastKnownFileType = sourcecode.swift; path = QuestionsViewController.swift; sourceTree = "<group>"; };
		6B3828D02588215B008ED176 /* ViewManager.swift */ = {isa = PBXFileReference; lastKnownFileType = sourcecode.swift; path = ViewManager.swift; sourceTree = "<group>"; };
		6B3828D6258822C1008ED176 /* ResultsViewController.storyboard */ = {isa = PBXFileReference; lastKnownFileType = file.storyboard; path = ResultsViewController.storyboard; sourceTree = "<group>"; };
		6B3828D9258822CB008ED176 /* ResultsViewController.swift */ = {isa = PBXFileReference; lastKnownFileType = sourcecode.swift; path = ResultsViewController.swift; sourceTree = "<group>"; };
		6B40297D25882AAC0038A897 /* ResultsCell.xib */ = {isa = PBXFileReference; lastKnownFileType = file.xib; path = ResultsCell.xib; sourceTree = "<group>"; };
		6B40298025882B3D0038A897 /* ResultsCell.swift */ = {isa = PBXFileReference; lastKnownFileType = sourcecode.swift; path = ResultsCell.swift; sourceTree = "<group>"; };
		6B40298325882D430038A897 /* ResultsDataSource.swift */ = {isa = PBXFileReference; lastKnownFileType = sourcecode.swift; path = ResultsDataSource.swift; sourceTree = "<group>"; };
		6B402989258836050038A897 /* QuestionsDataSource.swift */ = {isa = PBXFileReference; lastKnownFileType = sourcecode.swift; path = QuestionsDataSource.swift; sourceTree = "<group>"; };
		6B40298D258837230038A897 /* QuestionsCell.xib */ = {isa = PBXFileReference; lastKnownFileType = file.xib; path = QuestionsCell.xib; sourceTree = "<group>"; };
		6B402990258837400038A897 /* QuestionsCell.swift */ = {isa = PBXFileReference; lastKnownFileType = sourcecode.swift; path = QuestionsCell.swift; sourceTree = "<group>"; };
		6B402993258837560038A897 /* AnswerCell.xib */ = {isa = PBXFileReference; lastKnownFileType = file.xib; path = AnswerCell.xib; sourceTree = "<group>"; };
		6B402996258837690038A897 /* AnswerCell.swift */ = {isa = PBXFileReference; lastKnownFileType = sourcecode.swift; path = AnswerCell.swift; sourceTree = "<group>"; };
/* End PBXFileReference section */

/* Begin PBXFrameworksBuildPhase section */
		6B049369258809D900BD59A6 /* Frameworks */ = {
			isa = PBXFrameworksBuildPhase;
			buildActionMask = 2147483647;
			files = (
			);
			runOnlyForDeploymentPostprocessing = 0;
		};
/* End PBXFrameworksBuildPhase section */

/* Begin PBXGroup section */
		6B049363258809D900BD59A6 = {
			isa = PBXGroup;
			children = (
				6B04936E258809D900BD59A6 /* Millionaire */,
				6B04936D258809D900BD59A6 /* Products */,
			);
			sourceTree = "<group>";
		};
		6B04936D258809D900BD59A6 /* Products */ = {
			isa = PBXGroup;
			children = (
				6B04936C258809D900BD59A6 /* Millionaire.app */,
			);
			name = Products;
			sourceTree = "<group>";
		};
		6B04936E258809D900BD59A6 /* Millionaire */ = {
			isa = PBXGroup;
			children = (
				6B38287325880B5F008ED176 /* Application */,
				6B38287625880B9B008ED176 /* Present */,
				6B3828C725881DB1008ED176 /* Questions */,
				6B3828D32588229F008ED176 /* Results */,
				6B38286125880AA2008ED176 /* Supporting */,
			);
			path = Millionaire;
			sourceTree = "<group>";
		};
		6B38286125880AA2008ED176 /* Supporting */ = {
			isa = PBXGroup;
			children = (
				6B049371258809D900BD59A6 /* SceneDelegate.swift */,
				6B04937A258809DB00BD59A6 /* LaunchScreen.storyboard */,
				6B04937D258809DB00BD59A6 /* Info.plist */,
				6B049378258809DB00BD59A6 /* Assets.xcassets */,
			);
			name = Supporting;
			sourceTree = "<group>";
		};
		6B38287325880B5F008ED176 /* Application */ = {
			isa = PBXGroup;
			children = (
				6B3828B425880D6D008ED176 /* Constants */,
				6B3828BF25881674008ED176 /* Helpers */,
				6B38287425880B69008ED176 /* Controllers */,
			);
			name = Application;
			sourceTree = "<group>";
		};
		6B38287425880B69008ED176 /* Controllers */ = {
			isa = PBXGroup;
			children = (
				6B04936F258809D900BD59A6 /* AppDelegate.swift */,
			);
			name = Controllers;
			sourceTree = "<group>";
		};
		6B38287625880B9B008ED176 /* Present */ = {
			isa = PBXGroup;
			children = (
				6B38287925880C00008ED176 /* Controller */,
				6B38287825880BF9008ED176 /* View */,
			);
			name = Present;
			sourceTree = "<group>";
		};
		6B38287825880BF9008ED176 /* View */ = {
			isa = PBXGroup;
			children = (
				6B049375258809D900BD59A6 /* PresentViewController.storyboard */,
			);
			name = View;
			sourceTree = "<group>";
		};
		6B38287925880C00008ED176 /* Controller */ = {
			isa = PBXGroup;
			children = (
				6B38287B25880C67008ED176 /* PresentViewController.swift */,
			);
			name = Controller;
			sourceTree = "<group>";
		};
		6B3828B425880D6D008ED176 /* Constants */ = {
			isa = PBXGroup;
			children = (
				6B3828B525880D8B008ED176 /* Questions.swift */,
				6B3828BA25881188008ED176 /* UI.swift */,
				6B3828C425881968008ED176 /* MessageConstants.swift */,
			);
			name = Constants;
			sourceTree = "<group>";
		};
		6B3828BF25881674008ED176 /* Helpers */ = {
			isa = PBXGroup;
			children = (
				6B3828D02588215B008ED176 /* ViewManager.swift */,
				6B3828C025881690008ED176 /* Message.swift */,
			);
			name = Helpers;
			sourceTree = "<group>";
		};
		6B3828C725881DB1008ED176 /* Questions */ = {
			isa = PBXGroup;
			children = (
				6B3828C925881DC7008ED176 /* View */,
				6B3828C825881DC1008ED176 /* Controller */,
			);
			name = Questions;
			sourceTree = "<group>";
		};
		6B3828C825881DC1008ED176 /* Controller */ = {
			isa = PBXGroup;
			children = (
				6B3828CD25881DF4008ED176 /* QuestionsViewController.swift */,
				6B402988258835F40038A897 /* Data Source */,
			);
			name = Controller;
			sourceTree = "<group>";
		};
		6B3828C925881DC7008ED176 /* View */ = {
			isa = PBXGroup;
			children = (
				6B3828CA25881DDC008ED176 /* QuestionsViewController.storyboard */,
				6B40299A25883A6A0038A897 /* Questions */,
				6B40299B25883A7A0038A897 /* Answer */,
			);
			name = View;
			sourceTree = "<group>";
		};
		6B3828D32588229F008ED176 /* Results */ = {
			isa = PBXGroup;
			children = (
				6B3828D5258822B1008ED176 /* Controller */,
				6B3828D4258822AC008ED176 /* View */,
			);
			name = Results;
			sourceTree = "<group>";
		};
		6B3828D4258822AC008ED176 /* View */ = {
			isa = PBXGroup;
			children = (
				6B3828D6258822C1008ED176 /* ResultsViewController.storyboard */,
				6B40297D25882AAC0038A897 /* ResultsCell.xib */,
				6B40298025882B3D0038A897 /* ResultsCell.swift */,
			);
			name = View;
			sourceTree = "<group>";
		};
		6B3828D5258822B1008ED176 /* Controller */ = {
			isa = PBXGroup;
			children = (
				6B402986258834ED0038A897 /* Data Source */,
				6B3828D9258822CB008ED176 /* ResultsViewController.swift */,
			);
			name = Controller;
			sourceTree = "<group>";
		};
		6B402986258834ED0038A897 /* Data Source */ = {
			isa = PBXGroup;
			children = (
				6B40298325882D430038A897 /* ResultsDataSource.swift */,
			);
			name = "Data Source";
			sourceTree = "<group>";
		};
		6B402988258835F40038A897 /* Data Source */ = {
			isa = PBXGroup;
			children = (
				6B402989258836050038A897 /* QuestionsDataSource.swift */,
			);
			name = "Data Source";
			sourceTree = "<group>";
		};
		6B40299A25883A6A0038A897 /* Questions */ = {
			isa = PBXGroup;
			children = (
				6B402990258837400038A897 /* QuestionsCell.swift */,
				6B40298D258837230038A897 /* QuestionsCell.xib */,
			);
			name = Questions;
			sourceTree = "<group>";
		};
		6B40299B25883A7A0038A897 /* Answer */ = {
			isa = PBXGroup;
			children = (
				6B402993258837560038A897 /* AnswerCell.xib */,
				6B402996258837690038A897 /* AnswerCell.swift */,
			);
			name = Answer;
			sourceTree = "<group>";
		};
/* End PBXGroup section */

/* Begin PBXNativeTarget section */
		6B04936B258809D900BD59A6 /* Millionaire */ = {
			isa = PBXNativeTarget;
			buildConfigurationList = 6B049380258809DB00BD59A6 /* Build configuration list for PBXNativeTarget "Millionaire" */;
			buildPhases = (
				6B049368258809D900BD59A6 /* Sources */,
				6B049369258809D900BD59A6 /* Frameworks */,
				6B04936A258809D900BD59A6 /* Resources */,
			);
			buildRules = (
			);
			dependencies = (
			);
			name = Millionaire;
			productName = Millionaire;
			productReference = 6B04936C258809D900BD59A6 /* Millionaire.app */;
			productType = "com.apple.product-type.application";
		};
/* End PBXNativeTarget section */

/* Begin PBXProject section */
		6B049364258809D900BD59A6 /* Project object */ = {
			isa = PBXProject;
			attributes = {
				LastSwiftUpdateCheck = 1220;
				LastUpgradeCheck = 1220;
				TargetAttributes = {
					6B04936B258809D900BD59A6 = {
						CreatedOnToolsVersion = 12.2;
					};
				};
			};
			buildConfigurationList = 6B049367258809D900BD59A6 /* Build configuration list for PBXProject "Millionaire" */;
			compatibilityVersion = "Xcode 9.3";
			developmentRegion = en;
			hasScannedForEncodings = 0;
			knownRegions = (
				en,
				Base,
			);
			mainGroup = 6B049363258809D900BD59A6;
			productRefGroup = 6B04936D258809D900BD59A6 /* Products */;
			projectDirPath = "";
			projectRoot = "";
			targets = (
				6B04936B258809D900BD59A6 /* Millionaire */,
			);
		};
/* End PBXProject section */

/* Begin PBXResourcesBuildPhase section */
		6B04936A258809D900BD59A6 /* Resources */ = {
			isa = PBXResourcesBuildPhase;
			buildActionMask = 2147483647;
			files = (
				6B04937C258809DB00BD59A6 /* LaunchScreen.storyboard in Resources */,
				6B049379258809DB00BD59A6 /* Assets.xcassets in Resources */,
				6B3828D7258822C1008ED176 /* ResultsViewController.storyboard in Resources */,
				6B40298E258837230038A897 /* QuestionsCell.xib in Resources */,
				6B049377258809D900BD59A6 /* PresentViewController.storyboard in Resources */,
				6B40297E25882AAC0038A897 /* ResultsCell.xib in Resources */,
				6B3828CB25881DDC008ED176 /* QuestionsViewController.storyboard in Resources */,
				6B402994258837560038A897 /* AnswerCell.xib in Resources */,
			);
			runOnlyForDeploymentPostprocessing = 0;
		};
/* End PBXResourcesBuildPhase section */

/* Begin PBXSourcesBuildPhase section */
		6B049368258809D900BD59A6 /* Sources */ = {
			isa = PBXSourcesBuildPhase;
			buildActionMask = 2147483647;
			files = (
				6B3828D12588215B008ED176 /* ViewManager.swift in Sources */,
				6B3828B625880D8B008ED176 /* Questions.swift in Sources */,
				6B3828BB25881188008ED176 /* UI.swift in Sources */,
				6B402991258837400038A897 /* QuestionsCell.swift in Sources */,
				6B3828DA258822CB008ED176 /* ResultsViewController.swift in Sources */,
				6B3828CE25881DF4008ED176 /* QuestionsViewController.swift in Sources */,
				6B40298125882B3D0038A897 /* ResultsCell.swift in Sources */,
				6B049370258809D900BD59A6 /* AppDelegate.swift in Sources */,
				6B40298425882D430038A897 /* ResultsDataSource.swift in Sources */,
				6B402997258837690038A897 /* AnswerCell.swift in Sources */,
				6B40298A258836050038A897 /* QuestionsDataSource.swift in Sources */,
				6B3828C125881690008ED176 /* Message.swift in Sources */,
				6B049372258809D900BD59A6 /* SceneDelegate.swift in Sources */,
				6B38287C25880C67008ED176 /* PresentViewController.swift in Sources */,
				6B3828C525881968008ED176 /* MessageConstants.swift in Sources */,
			);
			runOnlyForDeploymentPostprocessing = 0;
		};
/* End PBXSourcesBuildPhase section */

/* Begin PBXVariantGroup section */
		6B049375258809D900BD59A6 /* PresentViewController.storyboard */ = {
			isa = PBXVariantGroup;
			children = (
				6B049376258809D900BD59A6 /* Base */,
			);
			name = PresentViewController.storyboard;
			sourceTree = "<group>";
		};
		6B04937A258809DB00BD59A6 /* LaunchScreen.storyboard */ = {
			isa = PBXVariantGroup;
			children = (
				6B04937B258809DB00BD59A6 /* Base */,
			);
			name = LaunchScreen.storyboard;
			sourceTree = "<group>";
		};
/* End PBXVariantGroup section */

/* Begin XCBuildConfiguration section */
		6B04937E258809DB00BD59A6 /* Debug */ = {
			isa = XCBuildConfiguration;
			buildSettings = {
				ALWAYS_SEARCH_USER_PATHS = NO;
				CLANG_ANALYZER_NONNULL = YES;
				CLANG_ANALYZER_NUMBER_OBJECT_CONVERSION = YES_AGGRESSIVE;
				CLANG_CXX_LANGUAGE_STANDARD = "gnu++14";
				CLANG_CXX_LIBRARY = "libc++";
				CLANG_ENABLE_MODULES = YES;
				CLANG_ENABLE_OBJC_ARC = YES;
				CLANG_ENABLE_OBJC_WEAK = YES;
				CLANG_WARN_BLOCK_CAPTURE_AUTORELEASING = YES;
				CLANG_WARN_BOOL_CONVERSION = YES;
				CLANG_WARN_COMMA = YES;
				CLANG_WARN_CONSTANT_CONVERSION = YES;
				CLANG_WARN_DEPRECATED_OBJC_IMPLEMENTATIONS = YES;
				CLANG_WARN_DIRECT_OBJC_ISA_USAGE = YES_ERROR;
				CLANG_WARN_DOCUMENTATION_COMMENTS = YES;
				CLANG_WARN_EMPTY_BODY = YES;
				CLANG_WARN_ENUM_CONVERSION = YES;
				CLANG_WARN_INFINITE_RECURSION = YES;
				CLANG_WARN_INT_CONVERSION = YES;
				CLANG_WARN_NON_LITERAL_NULL_CONVERSION = YES;
				CLANG_WARN_OBJC_IMPLICIT_RETAIN_SELF = YES;
				CLANG_WARN_OBJC_LITERAL_CONVERSION = YES;
				CLANG_WARN_OBJC_ROOT_CLASS = YES_ERROR;
				CLANG_WARN_QUOTED_INCLUDE_IN_FRAMEWORK_HEADER = YES;
				CLANG_WARN_RANGE_LOOP_ANALYSIS = YES;
				CLANG_WARN_STRICT_PROTOTYPES = YES;
				CLANG_WARN_SUSPICIOUS_MOVE = YES;
				CLANG_WARN_UNGUARDED_AVAILABILITY = YES_AGGRESSIVE;
				CLANG_WARN_UNREACHABLE_CODE = YES;
				CLANG_WARN__DUPLICATE_METHOD_MATCH = YES;
				COPY_PHASE_STRIP = NO;
				DEBUG_INFORMATION_FORMAT = dwarf;
				ENABLE_STRICT_OBJC_MSGSEND = YES;
				ENABLE_TESTABILITY = YES;
				GCC_C_LANGUAGE_STANDARD = gnu11;
				GCC_DYNAMIC_NO_PIC = NO;
				GCC_NO_COMMON_BLOCKS = YES;
				GCC_OPTIMIZATION_LEVEL = 0;
				GCC_PREPROCESSOR_DEFINITIONS = (
					"DEBUG=1",
					"$(inherited)",
				);
				GCC_WARN_64_TO_32_BIT_CONVERSION = YES;
				GCC_WARN_ABOUT_RETURN_TYPE = YES_ERROR;
				GCC_WARN_UNDECLARED_SELECTOR = YES;
				GCC_WARN_UNINITIALIZED_AUTOS = YES_AGGRESSIVE;
				GCC_WARN_UNUSED_FUNCTION = YES;
				GCC_WARN_UNUSED_VARIABLE = YES;
				IPHONEOS_DEPLOYMENT_TARGET = 14.2;
				MTL_ENABLE_DEBUG_INFO = INCLUDE_SOURCE;
				MTL_FAST_MATH = YES;
				ONLY_ACTIVE_ARCH = YES;
				SDKROOT = iphoneos;
				SWIFT_ACTIVE_COMPILATION_CONDITIONS = DEBUG;
				SWIFT_OPTIMIZATION_LEVEL = "-Onone";
			};
			name = Debug;
		};
		6B04937F258809DB00BD59A6 /* Release */ = {
			isa = XCBuildConfiguration;
			buildSettings = {
				ALWAYS_SEARCH_USER_PATHS = NO;
				CLANG_ANALYZER_NONNULL = YES;
				CLANG_ANALYZER_NUMBER_OBJECT_CONVERSION = YES_AGGRESSIVE;
				CLANG_CXX_LANGUAGE_STANDARD = "gnu++14";
				CLANG_CXX_LIBRARY = "libc++";
				CLANG_ENABLE_MODULES = YES;
				CLANG_ENABLE_OBJC_ARC = YES;
				CLANG_ENABLE_OBJC_WEAK = YES;
				CLANG_WARN_BLOCK_CAPTURE_AUTORELEASING = YES;
				CLANG_WARN_BOOL_CONVERSION = YES;
				CLANG_WARN_COMMA = YES;
				CLANG_WARN_CONSTANT_CONVERSION = YES;
				CLANG_WARN_DEPRECATED_OBJC_IMPLEMENTATIONS = YES;
				CLANG_WARN_DIRECT_OBJC_ISA_USAGE = YES_ERROR;
				CLANG_WARN_DOCUMENTATION_COMMENTS = YES;
				CLANG_WARN_EMPTY_BODY = YES;
				CLANG_WARN_ENUM_CONVERSION = YES;
				CLANG_WARN_INFINITE_RECURSION = YES;
				CLANG_WARN_INT_CONVERSION = YES;
				CLANG_WARN_NON_LITERAL_NULL_CONVERSION = YES;
				CLANG_WARN_OBJC_IMPLICIT_RETAIN_SELF = YES;
				CLANG_WARN_OBJC_LITERAL_CONVERSION = YES;
				CLANG_WARN_OBJC_ROOT_CLASS = YES_ERROR;
				CLANG_WARN_QUOTED_INCLUDE_IN_FRAMEWORK_HEADER = YES;
				CLANG_WARN_RANGE_LOOP_ANALYSIS = YES;
				CLANG_WARN_STRICT_PROTOTYPES = YES;
				CLANG_WARN_SUSPICIOUS_MOVE = YES;
				CLANG_WARN_UNGUARDED_AVAILABILITY = YES_AGGRESSIVE;
				CLANG_WARN_UNREACHABLE_CODE = YES;
				CLANG_WARN__DUPLICATE_METHOD_MATCH = YES;
				COPY_PHASE_STRIP = NO;
				DEBUG_INFORMATION_FORMAT = "dwarf-with-dsym";
				ENABLE_NS_ASSERTIONS = NO;
				ENABLE_STRICT_OBJC_MSGSEND = YES;
				GCC_C_LANGUAGE_STANDARD = gnu11;
				GCC_NO_COMMON_BLOCKS = YES;
				GCC_WARN_64_TO_32_BIT_CONVERSION = YES;
				GCC_WARN_ABOUT_RETURN_TYPE = YES_ERROR;
				GCC_WARN_UNDECLARED_SELECTOR = YES;
				GCC_WARN_UNINITIALIZED_AUTOS = YES_AGGRESSIVE;
				GCC_WARN_UNUSED_FUNCTION = YES;
				GCC_WARN_UNUSED_VARIABLE = YES;
				IPHONEOS_DEPLOYMENT_TARGET = 14.2;
				MTL_ENABLE_DEBUG_INFO = NO;
				MTL_FAST_MATH = YES;
				SDKROOT = iphoneos;
				SWIFT_COMPILATION_MODE = wholemodule;
				SWIFT_OPTIMIZATION_LEVEL = "-O";
				VALIDATE_PRODUCT = YES;
			};
			name = Release;
		};
		6B049381258809DB00BD59A6 /* Debug */ = {
			isa = XCBuildConfiguration;
			buildSettings = {
				ASSETCATALOG_COMPILER_APPICON_NAME = AppIcon;
				ASSETCATALOG_COMPILER_GLOBAL_ACCENT_COLOR_NAME = AccentColor;
				CODE_SIGN_STYLE = Automatic;
				DEVELOPMENT_TEAM = L2PAJC487U;
				INFOPLIST_FILE = Millionaire/Info.plist;
				IPHONEOS_DEPLOYMENT_TARGET = 13.0;
				LD_RUNPATH_SEARCH_PATHS = (
					"$(inherited)",
					"@executable_path/Frameworks",
				);
				PRODUCT_BUNDLE_IDENTIFIER = kiseleff.Millionaire;
				PRODUCT_NAME = "$(TARGET_NAME)";
				SWIFT_VERSION = 5.0;
				TARGETED_DEVICE_FAMILY = 1;
			};
			name = Debug;
		};
		6B049382258809DB00BD59A6 /* Release */ = {
			isa = XCBuildConfiguration;
			buildSettings = {
				ASSETCATALOG_COMPILER_APPICON_NAME = AppIcon;
				ASSETCATALOG_COMPILER_GLOBAL_ACCENT_COLOR_NAME = AccentColor;
				CODE_SIGN_STYLE = Automatic;
				DEVELOPMENT_TEAM = L2PAJC487U;
				INFOPLIST_FILE = Millionaire/Info.plist;
				IPHONEOS_DEPLOYMENT_TARGET = 13.0;
				LD_RUNPATH_SEARCH_PATHS = (
					"$(inherited)",
					"@executable_path/Frameworks",
				);
				PRODUCT_BUNDLE_IDENTIFIER = kiseleff.Millionaire;
				PRODUCT_NAME = "$(TARGET_NAME)";
				SWIFT_VERSION = 5.0;
				TARGETED_DEVICE_FAMILY = 1;
			};
			name = Release;
		};
/* End XCBuildConfiguration section */

/* Begin XCConfigurationList section */
		6B049367258809D900BD59A6 /* Build configuration list for PBXProject "Millionaire" */ = {
			isa = XCConfigurationList;
			buildConfigurations = (
				6B04937E258809DB00BD59A6 /* Debug */,
				6B04937F258809DB00BD59A6 /* Release */,
			);
			defaultConfigurationIsVisible = 0;
			defaultConfigurationName = Release;
		};
		6B049380258809DB00BD59A6 /* Build configuration list for PBXNativeTarget "Millionaire" */ = {
			isa = XCConfigurationList;
			buildConfigurations = (
				6B049381258809DB00BD59A6 /* Debug */,
				6B049382258809DB00BD59A6 /* Release */,
			);
			defaultConfigurationIsVisible = 0;
			defaultConfigurationName = Release;
		};
/* End XCConfigurationList section */
	};
	rootObject = 6B049364258809D900BD59A6 /* Project object */;
}
